
Microsoft Visual Studio Solution File, Format Version 12.00
# Visual Studio Version 17
VisualStudioVersion = 17.6.33801.468
MinimumVisualStudioVersion = 10.0.40219.1
Project("{9A19103F-16F7-4668-BE54-9A1E7A4F7556}") = "API", "API.csproj", "{89A565A3-AE48-44FD-8CBA-9FFD26F83ECD}"
EndProject
Project("{FAE04EC0-301F-11D3-BF4B-00C04F79EFBC}") = "API.Tests", "..\API.Tests\API.Tests.csproj", "{48B4D7B6-4EA9-42D8-B0CF-3AE56265BD7E}"
EndProject
Global
	GlobalSection(SolutionConfigurationPlatforms) = preSolution
		Debug|Any CPU = Debug|Any CPU
		Release|Any CPU = Release|Any CPU
	EndGlobalSection
	GlobalSection(ProjectConfigurationPlatforms) = postSolution
		{89A565A3-AE48-44FD-8CBA-9FFD26F83ECD}.Debug|Any CPU.ActiveCfg = Debug|Any CPU
		{89A565A3-AE48-44FD-8CBA-9FFD26F83ECD}.Debug|Any CPU.Build.0 = Debug|Any CPU
		{89A565A3-AE48-44FD-8CBA-9FFD26F83ECD}.Release|Any CPU.ActiveCfg = Release|Any CPU
		{89A565A3-AE48-44FD-8CBA-9FFD26F83ECD}.Release|Any CPU.Build.0 = Release|Any CPU
		{48B4D7B6-4EA9-42D8-B0CF-3AE56265BD7E}.Debug|Any CPU.ActiveCfg = Debug|Any CPU
		{48B4D7B6-4EA9-42D8-B0CF-3AE56265BD7E}.Debug|Any CPU.Build.0 = Debug|Any CPU
		{48B4D7B6-4EA9-42D8-B0CF-3AE56265BD7E}.Release|Any CPU.ActiveCfg = Release|Any CPU
		{48B4D7B6-4EA9-42D8-B0CF-3AE56265BD7E}.Release|Any CPU.Build.0 = Release|Any CPU
	EndGlobalSection
	GlobalSection(SolutionProperties) = preSolution
		HideSolutionNode = FALSE
	EndGlobalSection
EndGlobal
